
Microsoft Visual Studio Solution File, Format Version 12.00
# Visual Studio Version 17
VisualStudioVersion = 17.0.32112.339
MinimumVisualStudioVersion = 10.0.40219.1
Project("{9A19103F-16F7-4668-BE54-9A1E7A4F7556}") = "EXERCICIOS PRESENCIAL - 11 - 02 - 2022.ConsoleApp", "EXERCICIOS PRESENCIAL - 11 - 02 - 2022.ConsoleApp\EXERCICIOS PRESENCIAL - 11 - 02 - 2022.ConsoleApp.csproj", "{9B7E33FB-85D4-4412-807E-C037B985BA2C}"
EndProject
Project("{9A19103F-16F7-4668-BE54-9A1E7A4F7556}") = "Exercicio 2", "Exercicio 2\Exercicio 2.csproj", "{4672D277-6D6F-492F-B8DE-96A0C3B3DCC6}"
EndProject
Project("{9A19103F-16F7-4668-BE54-9A1E7A4F7556}") = "Exercicio 3", "Exercicio 3\Exercicio 3.csproj", "{A24CD634-797A-42A1-B7B6-5035CFCE9238}"
EndProject
Project("{9A19103F-16F7-4668-BE54-9A1E7A4F7556}") = "Exercicio 4", "Exercicio 4\Exercicio 4.csproj", "{43A9B9DA-8CF6-4FD3-B589-4A8CA47A4366}"
EndProject
Project("{FAE04EC0-301F-11D3-BF4B-00C04F79EFBC}") = "Exercicio 5", "Exercicio 5\Exercicio 5.csproj", "{49B3BE51-5BC8-4898-B9FB-B2C86BED8B93}"
EndProject
Global
	GlobalSection(SolutionConfigurationPlatforms) = preSolution
		Debug|Any CPU = Debug|Any CPU
		Release|Any CPU = Release|Any CPU
	EndGlobalSection
	GlobalSection(ProjectConfigurationPlatforms) = postSolution
		{9B7E33FB-85D4-4412-807E-C037B985BA2C}.Debug|Any CPU.ActiveCfg = Debug|Any CPU
		{9B7E33FB-85D4-4412-807E-C037B985BA2C}.Debug|Any CPU.Build.0 = Debug|Any CPU
		{9B7E33FB-85D4-4412-807E-C037B985BA2C}.Release|Any CPU.ActiveCfg = Release|Any CPU
		{9B7E33FB-85D4-4412-807E-C037B985BA2C}.Release|Any CPU.Build.0 = Release|Any CPU
		{4672D277-6D6F-492F-B8DE-96A0C3B3DCC6}.Debug|Any CPU.ActiveCfg = Debug|Any CPU
		{4672D277-6D6F-492F-B8DE-96A0C3B3DCC6}.Debug|Any CPU.Build.0 = Debug|Any CPU
		{4672D277-6D6F-492F-B8DE-96A0C3B3DCC6}.Release|Any CPU.ActiveCfg = Release|Any CPU
		{4672D277-6D6F-492F-B8DE-96A0C3B3DCC6}.Release|Any CPU.Build.0 = Release|Any CPU
		{A24CD634-797A-42A1-B7B6-5035CFCE9238}.Debug|Any CPU.ActiveCfg = Debug|Any CPU
		{A24CD634-797A-42A1-B7B6-5035CFCE9238}.Debug|Any CPU.Build.0 = Debug|Any CPU
		{A24CD634-797A-42A1-B7B6-5035CFCE9238}.Release|Any CPU.ActiveCfg = Release|Any CPU
		{A24CD634-797A-42A1-B7B6-5035CFCE9238}.Release|Any CPU.Build.0 = Release|Any CPU
		{43A9B9DA-8CF6-4FD3-B589-4A8CA47A4366}.Debug|Any CPU.ActiveCfg = Debug|Any CPU
		{43A9B9DA-8CF6-4FD3-B589-4A8CA47A4366}.Debug|Any CPU.Build.0 = Debug|Any CPU
		{43A9B9DA-8CF6-4FD3-B589-4A8CA47A4366}.Release|Any CPU.ActiveCfg = Release|Any CPU
		{43A9B9DA-8CF6-4FD3-B589-4A8CA47A4366}.Release|Any CPU.Build.0 = Release|Any CPU
		{49B3BE51-5BC8-4898-B9FB-B2C86BED8B93}.Debug|Any CPU.ActiveCfg = Debug|Any CPU
		{49B3BE51-5BC8-4898-B9FB-B2C86BED8B93}.Debug|Any CPU.Build.0 = Debug|Any CPU
		{49B3BE51-5BC8-4898-B9FB-B2C86BED8B93}.Release|Any CPU.ActiveCfg = Release|Any CPU
		{49B3BE51-5BC8-4898-B9FB-B2C86BED8B93}.Release|Any CPU.Build.0 = Release|Any CPU
	EndGlobalSection
	GlobalSection(SolutionProperties) = preSolution
		HideSolutionNode = FALSE
	EndGlobalSection
	GlobalSection(ExtensibilityGlobals) = postSolution
		SolutionGuid = {80B648EC-B457-4EAA-8BF1-1875C7AA5C90}
	EndGlobalSection
EndGlobal
